
Microsoft Visual Studio Solution File, Format Version 12.00
# Visual Studio 15
VisualStudioVersion = 15.0.28307.902
MinimumVisualStudioVersion = 10.0.40219.1
Project("{9A19103F-16F7-4668-BE54-9A1E7A4F7556}") = "ExamenOneCore.Entity", "ExamenOneCore.Entitie\ExamenOneCore.Entity.csproj", "{6FB6E013-B66F-4EC7-8FA5-D27CF3C17383}"
EndProject
Project("{9A19103F-16F7-4668-BE54-9A1E7A4F7556}") = "ExamenOneCore.Data", "ExamenOneCore.Data\ExamenOneCore.Data.csproj", "{D090B02D-1E18-424D-BDFF-A95DD7A8BB14}"
EndProject
Project("{9A19103F-16F7-4668-BE54-9A1E7A4F7556}") = "ExamenOneCore.Ebl", "ExamenOneCore.Ebl\ExamenOneCore.Ebl.csproj", "{D55D5CBD-2635-49BA-A43D-B54217535E4F}"
EndProject
Project("{FAE04EC0-301F-11D3-BF4B-00C04F79EFBC}") = "ExamenOneCore.Api", "ExamenOneCore.Api\ExamenOneCore.Api.csproj", "{852B70F1-7087-4656-B3BD-4E343D92654F}"
EndProject
Global
	GlobalSection(SolutionConfigurationPlatforms) = preSolution
		Debug|Any CPU = Debug|Any CPU
		Release|Any CPU = Release|Any CPU
	EndGlobalSection
	GlobalSection(ProjectConfigurationPlatforms) = postSolution
		{6FB6E013-B66F-4EC7-8FA5-D27CF3C17383}.Debug|Any CPU.ActiveCfg = Debug|Any CPU
		{6FB6E013-B66F-4EC7-8FA5-D27CF3C17383}.Debug|Any CPU.Build.0 = Debug|Any CPU
		{6FB6E013-B66F-4EC7-8FA5-D27CF3C17383}.Release|Any CPU.ActiveCfg = Release|Any CPU
		{6FB6E013-B66F-4EC7-8FA5-D27CF3C17383}.Release|Any CPU.Build.0 = Release|Any CPU
		{D090B02D-1E18-424D-BDFF-A95DD7A8BB14}.Debug|Any CPU.ActiveCfg = Debug|Any CPU
		{D090B02D-1E18-424D-BDFF-A95DD7A8BB14}.Debug|Any CPU.Build.0 = Debug|Any CPU
		{D090B02D-1E18-424D-BDFF-A95DD7A8BB14}.Release|Any CPU.ActiveCfg = Release|Any CPU
		{D090B02D-1E18-424D-BDFF-A95DD7A8BB14}.Release|Any CPU.Build.0 = Release|Any CPU
		{D55D5CBD-2635-49BA-A43D-B54217535E4F}.Debug|Any CPU.ActiveCfg = Debug|Any CPU
		{D55D5CBD-2635-49BA-A43D-B54217535E4F}.Debug|Any CPU.Build.0 = Debug|Any CPU
		{D55D5CBD-2635-49BA-A43D-B54217535E4F}.Release|Any CPU.ActiveCfg = Release|Any CPU
		{D55D5CBD-2635-49BA-A43D-B54217535E4F}.Release|Any CPU.Build.0 = Release|Any CPU
		{852B70F1-7087-4656-B3BD-4E343D92654F}.Debug|Any CPU.ActiveCfg = Debug|Any CPU
		{852B70F1-7087-4656-B3BD-4E343D92654F}.Debug|Any CPU.Build.0 = Debug|Any CPU
		{852B70F1-7087-4656-B3BD-4E343D92654F}.Release|Any CPU.ActiveCfg = Release|Any CPU
		{852B70F1-7087-4656-B3BD-4E343D92654F}.Release|Any CPU.Build.0 = Release|Any CPU
	EndGlobalSection
	GlobalSection(SolutionProperties) = preSolution
		HideSolutionNode = FALSE
	EndGlobalSection
	GlobalSection(ExtensibilityGlobals) = postSolution
		SolutionGuid = {660D8D2D-AFEB-41EB-898A-A4F36C0D1C7D}
	EndGlobalSection
EndGlobal
